
Microsoft Visual Studio Solution File, Format Version 12.00
# Visual Studio Version 17
Project("{8BC9CEB8-8B4A-11D0-8D11-00A0C91BC942}") = "ALL_BUILD", "ALL_BUILD.vcxproj", "{CFF5A19B-FF9A-374D-8EF9-BB3B2CDFD6E8}"
	ProjectSection(ProjectDependencies) = postProject
		{7CCA56E9-6FC0-39E8-80EB-4AF2782E99F2} = {7CCA56E9-6FC0-39E8-80EB-4AF2782E99F2}
		{F83E08CF-92E7-33AB-9B74-808166EDCD32} = {F83E08CF-92E7-33AB-9B74-808166EDCD32}
		{59DAD299-54A0-3709-B331-231A5A7B6A99} = {59DAD299-54A0-3709-B331-231A5A7B6A99}
	EndProjectSection
EndProject
Project("{8BC9CEB8-8B4A-11D0-8D11-00A0C91BC942}") = "INSTALL", "INSTALL.vcxproj", "{FE494C23-7127-38C9-974B-01979C6F37ED}"
	ProjectSection(ProjectDependencies) = postProject
		{CFF5A19B-FF9A-374D-8EF9-BB3B2CDFD6E8} = {CFF5A19B-FF9A-374D-8EF9-BB3B2CDFD6E8}
		{7CCA56E9-6FC0-39E8-80EB-4AF2782E99F2} = {7CCA56E9-6FC0-39E8-80EB-4AF2782E99F2}
	EndProjectSection
EndProject
Project("{8BC9CEB8-8B4A-11D0-8D11-00A0C91BC942}") = "RUN_TESTS", "RUN_TESTS.vcxproj", "{A3EE718D-B362-383A-AFD8-0BC1DEF1186A}"
	ProjectSection(ProjectDependencies) = postProject
		{7CCA56E9-6FC0-39E8-80EB-4AF2782E99F2} = {7CCA56E9-6FC0-39E8-80EB-4AF2782E99F2}
	EndProjectSection
EndProject
Project("{8BC9CEB8-8B4A-11D0-8D11-00A0C91BC942}") = "ZERO_CHECK", "..\..\..\..\\ZERO_CHECK.vcxproj", "{7CCA56E9-6FC0-39E8-80EB-4AF2782E99F2}"
	ProjectSection(ProjectDependencies) = postProject
	EndProjectSection
EndProject
Project("{8BC9CEB8-8B4A-11D0-8D11-00A0C91BC942}") = "gtest", "gtest.vcxproj", "{F83E08CF-92E7-33AB-9B74-808166EDCD32}"
	ProjectSection(ProjectDependencies) = postProject
		{7CCA56E9-6FC0-39E8-80EB-4AF2782E99F2} = {7CCA56E9-6FC0-39E8-80EB-4AF2782E99F2}
	EndProjectSection
EndProject
Project("{8BC9CEB8-8B4A-11D0-8D11-00A0C91BC942}") = "gtest_main", "gtest_main.vcxproj", "{59DAD299-54A0-3709-B331-231A5A7B6A99}"
	ProjectSection(ProjectDependencies) = postProject
		{7CCA56E9-6FC0-39E8-80EB-4AF2782E99F2} = {7CCA56E9-6FC0-39E8-80EB-4AF2782E99F2}
		{F83E08CF-92E7-33AB-9B74-808166EDCD32} = {F83E08CF-92E7-33AB-9B74-808166EDCD32}
	EndProjectSection
EndProject
Global
	GlobalSection(SolutionConfigurationPlatforms) = preSolution
		Debug|x64 = Debug|x64
		Release|x64 = Release|x64
		MinSizeRel|x64 = MinSizeRel|x64
		RelWithDebInfo|x64 = RelWithDebInfo|x64
	EndGlobalSection
	GlobalSection(ProjectConfigurationPlatforms) = postSolution
		{CFF5A19B-FF9A-374D-8EF9-BB3B2CDFD6E8}.Debug|x64.ActiveCfg = Debug|x64
		{CFF5A19B-FF9A-374D-8EF9-BB3B2CDFD6E8}.Debug|x64.Build.0 = Debug|x64
		{CFF5A19B-FF9A-374D-8EF9-BB3B2CDFD6E8}.Release|x64.ActiveCfg = Release|x64
		{CFF5A19B-FF9A-374D-8EF9-BB3B2CDFD6E8}.Release|x64.Build.0 = Release|x64
		{CFF5A19B-FF9A-374D-8EF9-BB3B2CDFD6E8}.MinSizeRel|x64.ActiveCfg = MinSizeRel|x64
		{CFF5A19B-FF9A-374D-8EF9-BB3B2CDFD6E8}.MinSizeRel|x64.Build.0 = MinSizeRel|x64
		{CFF5A19B-FF9A-374D-8EF9-BB3B2CDFD6E8}.RelWithDebInfo|x64.ActiveCfg = RelWithDebInfo|x64
		{CFF5A19B-FF9A-374D-8EF9-BB3B2CDFD6E8}.RelWithDebInfo|x64.Build.0 = RelWithDebInfo|x64
		{FE494C23-7127-38C9-974B-01979C6F37ED}.Debug|x64.ActiveCfg = Debug|x64
		{FE494C23-7127-38C9-974B-01979C6F37ED}.Release|x64.ActiveCfg = Release|x64
		{FE494C23-7127-38C9-974B-01979C6F37ED}.MinSizeRel|x64.ActiveCfg = MinSizeRel|x64
		{FE494C23-7127-38C9-974B-01979C6F37ED}.RelWithDebInfo|x64.ActiveCfg = RelWithDebInfo|x64
		{A3EE718D-B362-383A-AFD8-0BC1DEF1186A}.Debug|x64.ActiveCfg = Debug|x64
		{A3EE718D-B362-383A-AFD8-0BC1DEF1186A}.Release|x64.ActiveCfg = Release|x64
		{A3EE718D-B362-383A-AFD8-0BC1DEF1186A}.MinSizeRel|x64.ActiveCfg = MinSizeRel|x64
		{A3EE718D-B362-383A-AFD8-0BC1DEF1186A}.RelWithDebInfo|x64.ActiveCfg = RelWithDebInfo|x64
		{7CCA56E9-6FC0-39E8-80EB-4AF2782E99F2}.Debug|x64.ActiveCfg = Debug|x64
		{7CCA56E9-6FC0-39E8-80EB-4AF2782E99F2}.Debug|x64.Build.0 = Debug|x64
		{7CCA56E9-6FC0-39E8-80EB-4AF2782E99F2}.Release|x64.ActiveCfg = Release|x64
		{7CCA56E9-6FC0-39E8-80EB-4AF2782E99F2}.Release|x64.Build.0 = Release|x64
		{7CCA56E9-6FC0-39E8-80EB-4AF2782E99F2}.MinSizeRel|x64.ActiveCfg = MinSizeRel|x64
		{7CCA56E9-6FC0-39E8-80EB-4AF2782E99F2}.MinSizeRel|x64.Build.0 = MinSizeRel|x64
		{7CCA56E9-6FC0-39E8-80EB-4AF2782E99F2}.RelWithDebInfo|x64.ActiveCfg = RelWithDebInfo|x64
		{7CCA56E9-6FC0-39E8-80EB-4AF2782E99F2}.RelWithDebInfo|x64.Build.0 = RelWithDebInfo|x64
		{F83E08CF-92E7-33AB-9B74-808166EDCD32}.Debug|x64.ActiveCfg = Debug|x64
		{F83E08CF-92E7-33AB-9B74-808166EDCD32}.Debug|x64.Build.0 = Debug|x64
		{F83E08CF-92E7-33AB-9B74-808166EDCD32}.Release|x64.ActiveCfg = Release|x64
		{F83E08CF-92E7-33AB-9B74-808166EDCD32}.Release|x64.Build.0 = Release|x64
		{F83E08CF-92E7-33AB-9B74-808166EDCD32}.MinSizeRel|x64.ActiveCfg = MinSizeRel|x64
		{F83E08CF-92E7-33AB-9B74-808166EDCD32}.MinSizeRel|x64.Build.0 = MinSizeRel|x64
		{F83E08CF-92E7-33AB-9B74-808166EDCD32}.RelWithDebInfo|x64.ActiveCfg = RelWithDebInfo|x64
		{F83E08CF-92E7-33AB-9B74-808166EDCD32}.RelWithDebInfo|x64.Build.0 = RelWithDebInfo|x64
		{59DAD299-54A0-3709-B331-231A5A7B6A99}.Debug|x64.ActiveCfg = Debug|x64
		{59DAD299-54A0-3709-B331-231A5A7B6A99}.Debug|x64.Build.0 = Debug|x64
		{59DAD299-54A0-3709-B331-231A5A7B6A99}.Release|x64.ActiveCfg = Release|x64
		{59DAD299-54A0-3709-B331-231A5A7B6A99}.Release|x64.Build.0 = Release|x64
		{59DAD299-54A0-3709-B331-231A5A7B6A99}.MinSizeRel|x64.ActiveCfg = MinSizeRel|x64
		{59DAD299-54A0-3709-B331-231A5A7B6A99}.MinSizeRel|x64.Build.0 = MinSizeRel|x64
		{59DAD299-54A0-3709-B331-231A5A7B6A99}.RelWithDebInfo|x64.ActiveCfg = RelWithDebInfo|x64
		{59DAD299-54A0-3709-B331-231A5A7B6A99}.RelWithDebInfo|x64.Build.0 = RelWithDebInfo|x64
	EndGlobalSection
	GlobalSection(ExtensibilityGlobals) = postSolution
		SolutionGuid = {4DFEBECF-542A-35B6-B44D-E1A6AD7EBD50}
	EndGlobalSection
	GlobalSection(ExtensibilityAddIns) = postSolution
	EndGlobalSection
EndGlobal
