
Microsoft Visual Studio Solution File, Format Version 12.00
# Visual Studio Version 17
Project("{8BC9CEB8-8B4A-11D0-8D11-00A0C91BC942}") = "ALL_BUILD", "ALL_BUILD.vcxproj", "{2C0BCFD7-4E3B-31C6-8917-63C1F43209CF}"
	ProjectSection(ProjectDependencies) = postProject
		{DC861501-8500-3C44-B3A8-590159DFB449} = {DC861501-8500-3C44-B3A8-590159DFB449}
		{1B098B63-C46F-3C56-886A-9D2475FCC596} = {1B098B63-C46F-3C56-886A-9D2475FCC596}
		{900D82AA-6E86-3F11-84A2-69D478E6CCA5} = {900D82AA-6E86-3F11-84A2-69D478E6CCA5}
		{384B8056-905C-347A-BF51-07999B5F312F} = {384B8056-905C-347A-BF51-07999B5F312F}
		{CEA2008D-B1E2-3CA1-AACF-99CE444E1AEB} = {CEA2008D-B1E2-3CA1-AACF-99CE444E1AEB}
	EndProjectSection
EndProject
Project("{8BC9CEB8-8B4A-11D0-8D11-00A0C91BC942}") = "INSTALL", "INSTALL.vcxproj", "{557EBDE2-0A74-3685-9C1E-5108604EC79C}"
	ProjectSection(ProjectDependencies) = postProject
		{2C0BCFD7-4E3B-31C6-8917-63C1F43209CF} = {2C0BCFD7-4E3B-31C6-8917-63C1F43209CF}
		{DC861501-8500-3C44-B3A8-590159DFB449} = {DC861501-8500-3C44-B3A8-590159DFB449}
	EndProjectSection
EndProject
Project("{8BC9CEB8-8B4A-11D0-8D11-00A0C91BC942}") = "RUN_TESTS", "RUN_TESTS.vcxproj", "{CD40A14B-88FB-39A8-B70D-5D44599555D2}"
	ProjectSection(ProjectDependencies) = postProject
		{DC861501-8500-3C44-B3A8-590159DFB449} = {DC861501-8500-3C44-B3A8-590159DFB449}
	EndProjectSection
EndProject
Project("{8BC9CEB8-8B4A-11D0-8D11-00A0C91BC942}") = "ZERO_CHECK", "..\..\..\\ZERO_CHECK.vcxproj", "{DC861501-8500-3C44-B3A8-590159DFB449}"
	ProjectSection(ProjectDependencies) = postProject
	EndProjectSection
EndProject
Project("{8BC9CEB8-8B4A-11D0-8D11-00A0C91BC942}") = "gmock", "googlemock\gmock.vcxproj", "{1B098B63-C46F-3C56-886A-9D2475FCC596}"
	ProjectSection(ProjectDependencies) = postProject
		{DC861501-8500-3C44-B3A8-590159DFB449} = {DC861501-8500-3C44-B3A8-590159DFB449}
	EndProjectSection
EndProject
Project("{8BC9CEB8-8B4A-11D0-8D11-00A0C91BC942}") = "gmock_main", "googlemock\gmock_main.vcxproj", "{900D82AA-6E86-3F11-84A2-69D478E6CCA5}"
	ProjectSection(ProjectDependencies) = postProject
		{DC861501-8500-3C44-B3A8-590159DFB449} = {DC861501-8500-3C44-B3A8-590159DFB449}
	EndProjectSection
EndProject
Project("{8BC9CEB8-8B4A-11D0-8D11-00A0C91BC942}") = "gtest", "googletest\gtest.vcxproj", "{384B8056-905C-347A-BF51-07999B5F312F}"
	ProjectSection(ProjectDependencies) = postProject
		{DC861501-8500-3C44-B3A8-590159DFB449} = {DC861501-8500-3C44-B3A8-590159DFB449}
	EndProjectSection
EndProject
Project("{8BC9CEB8-8B4A-11D0-8D11-00A0C91BC942}") = "gtest_main", "googletest\gtest_main.vcxproj", "{CEA2008D-B1E2-3CA1-AACF-99CE444E1AEB}"
	ProjectSection(ProjectDependencies) = postProject
		{DC861501-8500-3C44-B3A8-590159DFB449} = {DC861501-8500-3C44-B3A8-590159DFB449}
		{384B8056-905C-347A-BF51-07999B5F312F} = {384B8056-905C-347A-BF51-07999B5F312F}
	EndProjectSection
EndProject
Global
	GlobalSection(SolutionConfigurationPlatforms) = preSolution
		Debug|Win32 = Debug|Win32
		Release|Win32 = Release|Win32
		MinSizeRel|Win32 = MinSizeRel|Win32
		RelWithDebInfo|Win32 = RelWithDebInfo|Win32
	EndGlobalSection
	GlobalSection(ProjectConfigurationPlatforms) = postSolution
		{2C0BCFD7-4E3B-31C6-8917-63C1F43209CF}.Debug|Win32.ActiveCfg = Debug|Win32
		{2C0BCFD7-4E3B-31C6-8917-63C1F43209CF}.Debug|Win32.Build.0 = Debug|Win32
		{2C0BCFD7-4E3B-31C6-8917-63C1F43209CF}.Release|Win32.ActiveCfg = Release|Win32
		{2C0BCFD7-4E3B-31C6-8917-63C1F43209CF}.Release|Win32.Build.0 = Release|Win32
		{2C0BCFD7-4E3B-31C6-8917-63C1F43209CF}.MinSizeRel|Win32.ActiveCfg = MinSizeRel|Win32
		{2C0BCFD7-4E3B-31C6-8917-63C1F43209CF}.MinSizeRel|Win32.Build.0 = MinSizeRel|Win32
		{2C0BCFD7-4E3B-31C6-8917-63C1F43209CF}.RelWithDebInfo|Win32.ActiveCfg = RelWithDebInfo|Win32
		{2C0BCFD7-4E3B-31C6-8917-63C1F43209CF}.RelWithDebInfo|Win32.Build.0 = RelWithDebInfo|Win32
		{557EBDE2-0A74-3685-9C1E-5108604EC79C}.Debug|Win32.ActiveCfg = Debug|Win32
		{557EBDE2-0A74-3685-9C1E-5108604EC79C}.Release|Win32.ActiveCfg = Release|Win32
		{557EBDE2-0A74-3685-9C1E-5108604EC79C}.MinSizeRel|Win32.ActiveCfg = MinSizeRel|Win32
		{557EBDE2-0A74-3685-9C1E-5108604EC79C}.RelWithDebInfo|Win32.ActiveCfg = RelWithDebInfo|Win32
		{CD40A14B-88FB-39A8-B70D-5D44599555D2}.Debug|Win32.ActiveCfg = Debug|Win32
		{CD40A14B-88FB-39A8-B70D-5D44599555D2}.Release|Win32.ActiveCfg = Release|Win32
		{CD40A14B-88FB-39A8-B70D-5D44599555D2}.MinSizeRel|Win32.ActiveCfg = MinSizeRel|Win32
		{CD40A14B-88FB-39A8-B70D-5D44599555D2}.RelWithDebInfo|Win32.ActiveCfg = RelWithDebInfo|Win32
		{DC861501-8500-3C44-B3A8-590159DFB449}.Debug|Win32.ActiveCfg = Debug|Win32
		{DC861501-8500-3C44-B3A8-590159DFB449}.Debug|Win32.Build.0 = Debug|Win32
		{DC861501-8500-3C44-B3A8-590159DFB449}.Release|Win32.ActiveCfg = Release|Win32
		{DC861501-8500-3C44-B3A8-590159DFB449}.Release|Win32.Build.0 = Release|Win32
		{DC861501-8500-3C44-B3A8-590159DFB449}.MinSizeRel|Win32.ActiveCfg = MinSizeRel|Win32
		{DC861501-8500-3C44-B3A8-590159DFB449}.MinSizeRel|Win32.Build.0 = MinSizeRel|Win32
		{DC861501-8500-3C44-B3A8-590159DFB449}.RelWithDebInfo|Win32.ActiveCfg = RelWithDebInfo|Win32
		{DC861501-8500-3C44-B3A8-590159DFB449}.RelWithDebInfo|Win32.Build.0 = RelWithDebInfo|Win32
		{1B098B63-C46F-3C56-886A-9D2475FCC596}.Debug|Win32.ActiveCfg = Debug|Win32
		{1B098B63-C46F-3C56-886A-9D2475FCC596}.Debug|Win32.Build.0 = Debug|Win32
		{1B098B63-C46F-3C56-886A-9D2475FCC596}.Release|Win32.ActiveCfg = Release|Win32
		{1B098B63-C46F-3C56-886A-9D2475FCC596}.Release|Win32.Build.0 = Release|Win32
		{1B098B63-C46F-3C56-886A-9D2475FCC596}.MinSizeRel|Win32.ActiveCfg = MinSizeRel|Win32
		{1B098B63-C46F-3C56-886A-9D2475FCC596}.MinSizeRel|Win32.Build.0 = MinSizeRel|Win32
		{1B098B63-C46F-3C56-886A-9D2475FCC596}.RelWithDebInfo|Win32.ActiveCfg = RelWithDebInfo|Win32
		{1B098B63-C46F-3C56-886A-9D2475FCC596}.RelWithDebInfo|Win32.Build.0 = RelWithDebInfo|Win32
		{900D82AA-6E86-3F11-84A2-69D478E6CCA5}.Debug|Win32.ActiveCfg = Debug|Win32
		{900D82AA-6E86-3F11-84A2-69D478E6CCA5}.Debug|Win32.Build.0 = Debug|Win32
		{900D82AA-6E86-3F11-84A2-69D478E6CCA5}.Release|Win32.ActiveCfg = Release|Win32
		{900D82AA-6E86-3F11-84A2-69D478E6CCA5}.Release|Win32.Build.0 = Release|Win32
		{900D82AA-6E86-3F11-84A2-69D478E6CCA5}.MinSizeRel|Win32.ActiveCfg = MinSizeRel|Win32
		{900D82AA-6E86-3F11-84A2-69D478E6CCA5}.MinSizeRel|Win32.Build.0 = MinSizeRel|Win32
		{900D82AA-6E86-3F11-84A2-69D478E6CCA5}.RelWithDebInfo|Win32.ActiveCfg = RelWithDebInfo|Win32
		{900D82AA-6E86-3F11-84A2-69D478E6CCA5}.RelWithDebInfo|Win32.Build.0 = RelWithDebInfo|Win32
		{384B8056-905C-347A-BF51-07999B5F312F}.Debug|Win32.ActiveCfg = Debug|Win32
		{384B8056-905C-347A-BF51-07999B5F312F}.Debug|Win32.Build.0 = Debug|Win32
		{384B8056-905C-347A-BF51-07999B5F312F}.Release|Win32.ActiveCfg = Release|Win32
		{384B8056-905C-347A-BF51-07999B5F312F}.Release|Win32.Build.0 = Release|Win32
		{384B8056-905C-347A-BF51-07999B5F312F}.MinSizeRel|Win32.ActiveCfg = MinSizeRel|Win32
		{384B8056-905C-347A-BF51-07999B5F312F}.MinSizeRel|Win32.Build.0 = MinSizeRel|Win32
		{384B8056-905C-347A-BF51-07999B5F312F}.RelWithDebInfo|Win32.ActiveCfg = RelWithDebInfo|Win32
		{384B8056-905C-347A-BF51-07999B5F312F}.RelWithDebInfo|Win32.Build.0 = RelWithDebInfo|Win32
		{CEA2008D-B1E2-3CA1-AACF-99CE444E1AEB}.Debug|Win32.ActiveCfg = Debug|Win32
		{CEA2008D-B1E2-3CA1-AACF-99CE444E1AEB}.Debug|Win32.Build.0 = Debug|Win32
		{CEA2008D-B1E2-3CA1-AACF-99CE444E1AEB}.Release|Win32.ActiveCfg = Release|Win32
		{CEA2008D-B1E2-3CA1-AACF-99CE444E1AEB}.Release|Win32.Build.0 = Release|Win32
		{CEA2008D-B1E2-3CA1-AACF-99CE444E1AEB}.MinSizeRel|Win32.ActiveCfg = MinSizeRel|Win32
		{CEA2008D-B1E2-3CA1-AACF-99CE444E1AEB}.MinSizeRel|Win32.Build.0 = MinSizeRel|Win32
		{CEA2008D-B1E2-3CA1-AACF-99CE444E1AEB}.RelWithDebInfo|Win32.ActiveCfg = RelWithDebInfo|Win32
		{CEA2008D-B1E2-3CA1-AACF-99CE444E1AEB}.RelWithDebInfo|Win32.Build.0 = RelWithDebInfo|Win32
	EndGlobalSection
	GlobalSection(ExtensibilityGlobals) = postSolution
		SolutionGuid = {65757063-FA8C-3215-B62A-E63D1F9912BB}
	EndGlobalSection
	GlobalSection(ExtensibilityAddIns) = postSolution
	EndGlobalSection
EndGlobal
