<?xml version="1.0" encoding="utf-8"?>
<Project ToolsVersion="17.0" xmlns="http://schemas.microsoft.com/developer/msbuild/2003">
  <ItemGroup>
    <CustomBuild Include="I:\PIME\build_probe64\CMakeFiles\249e361cfe6dbf8939d84d00cfa89a89\RUN_TESTS_force.rule">
      <Filter>CMake Rules</Filter>
    </CustomBuild>
  </ItemGroup>
  <ItemGroup>
    <Filter Include="CMake Rules">
      <UniqueIdentifier>{5345D189-CE95-3B28-B44D-D0D360E4F51D}</UniqueIdentifier>
    </Filter>
  </ItemGroup>
</Project>
