<?xml version="1.0" encoding="utf-8"?>
<Project ToolsVersion="17.0" xmlns="http://schemas.microsoft.com/developer/msbuild/2003">
  <ItemGroup>
    <ClCompile Include="I:\PIME\PIMETextService\PIMEImeModule.cpp">
      <Filter>Source Files</Filter>
    </ClCompile>
    <ClCompile Include="I:\PIME\PIMETextService\PIMETextService.cpp">
      <Filter>Source Files</Filter>
    </ClCompile>
    <ClCompile Include="I:\PIME\PIMETextService\PIMEClient.cpp">
      <Filter>Source Files</Filter>
    </ClCompile>
    <ClCompile Include="I:\PIME\PIMETextService\PIMELangBarButton.cpp">
      <Filter>Source Files</Filter>
    </ClCompile>
    <ClCompile Include="I:\PIME\PIMETextService\DllEntry.cpp">
      <Filter>Source Files</Filter>
    </ClCompile>
  </ItemGroup>
  <ItemGroup>
    <ClInclude Include="I:\PIME\PIMETextService\PIMEImeModule.h">
      <Filter>Header Files</Filter>
    </ClInclude>
    <ClInclude Include="I:\PIME\PIMETextService\PIMETextService.h">
      <Filter>Header Files</Filter>
    </ClInclude>
    <ClInclude Include="I:\PIME\PIMETextService\PIMEClient.h">
      <Filter>Header Files</Filter>
    </ClInclude>
    <ClInclude Include="I:\PIME\PIMETextService\PIMELangBarButton.h">
      <Filter>Header Files</Filter>
    </ClInclude>
  </ItemGroup>
  <ItemGroup>
    <CustomBuild Include="I:\PIME\PIMETextService\CMakeLists.txt" />
  </ItemGroup>
  <ItemGroup>
    <None Include="I:\PIME\PIMETextService\PIMETextService.def">
      <Filter>Source Files</Filter>
    </None>
  </ItemGroup>
  <ItemGroup>
    <ResourceCompile Include="I:\PIME\build_probe64\PIMETextService\PIMETextService.rc">
      <Filter>Source Files</Filter>
    </ResourceCompile>
  </ItemGroup>
  <ItemGroup>
    <Filter Include="Header Files">
      <UniqueIdentifier>{16BBD32C-563D-3129-AFC2-F08B84064427}</UniqueIdentifier>
    </Filter>
    <Filter Include="Source Files">
      <UniqueIdentifier>{4747B88C-F274-372D-B7DC-2A484AB46D54}</UniqueIdentifier>
    </Filter>
  </ItemGroup>
</Project>
