
Microsoft Visual Studio Solution File, Format Version 12.00
# Visual Studio Version 17
Project("{8BC9CEB8-8B4A-11D0-8D11-00A0C91BC942}") = "ALL_BUILD", "ALL_BUILD.vcxproj", "{2C0BCFD7-4E3B-31C6-8917-63C1F43209CF}"
	ProjectSection(ProjectDependencies) = postProject
		{A71A89BF-6DF4-3085-9C6D-6538BE962F69} = {A71A89BF-6DF4-3085-9C6D-6538BE962F69}
		{DC861501-8500-3C44-B3A8-590159DFB449} = {DC861501-8500-3C44-B3A8-590159DFB449}
	EndProjectSection
EndProject
Project("{8BC9CEB8-8B4A-11D0-8D11-00A0C91BC942}") = "INSTALL", "INSTALL.vcxproj", "{557EBDE2-0A74-3685-9C1E-5108604EC79C}"
	ProjectSection(ProjectDependencies) = postProject
		{2C0BCFD7-4E3B-31C6-8917-63C1F43209CF} = {2C0BCFD7-4E3B-31C6-8917-63C1F43209CF}
		{DC861501-8500-3C44-B3A8-590159DFB449} = {DC861501-8500-3C44-B3A8-590159DFB449}
	EndProjectSection
EndProject
Project("{8BC9CEB8-8B4A-11D0-8D11-00A0C91BC942}") = "PIMETextService", "PIMETextService.vcxproj", "{A71A89BF-6DF4-3085-9C6D-6538BE962F69}"
	ProjectSection(ProjectDependencies) = postProject
		{DC861501-8500-3C44-B3A8-590159DFB449} = {DC861501-8500-3C44-B3A8-590159DFB449}
		{7858082B-A9DB-359F-8ADD-38BD430717BC} = {7858082B-A9DB-359F-8ADD-38BD430717BC}
		{6BD2BFF5-240C-39A8-AF7C-8F20D83AD675} = {6BD2BFF5-240C-39A8-AF7C-8F20D83AD675}
	EndProjectSection
EndProject
Project("{8BC9CEB8-8B4A-11D0-8D11-00A0C91BC942}") = "RUN_TESTS", "RUN_TESTS.vcxproj", "{CD40A14B-88FB-39A8-B70D-5D44599555D2}"
	ProjectSection(ProjectDependencies) = postProject
		{DC861501-8500-3C44-B3A8-590159DFB449} = {DC861501-8500-3C44-B3A8-590159DFB449}
	EndProjectSection
EndProject
Project("{8BC9CEB8-8B4A-11D0-8D11-00A0C91BC942}") = "ZERO_CHECK", "..\\ZERO_CHECK.vcxproj", "{DC861501-8500-3C44-B3A8-590159DFB449}"
	ProjectSection(ProjectDependencies) = postProject
	EndProjectSection
EndProject
Project("{8BC9CEB8-8B4A-11D0-8D11-00A0C91BC942}") = "jsoncpp_lib_static", "..\jsoncpp\src\lib_json\jsoncpp_lib_static.vcxproj", "{7858082B-A9DB-359F-8ADD-38BD430717BC}"
	ProjectSection(ProjectDependencies) = postProject
		{DC861501-8500-3C44-B3A8-590159DFB449} = {DC861501-8500-3C44-B3A8-590159DFB449}
	EndProjectSection
EndProject
Project("{8BC9CEB8-8B4A-11D0-8D11-00A0C91BC942}") = "libIME2_static", "..\libIME2\src\libIME2_static.vcxproj", "{6BD2BFF5-240C-39A8-AF7C-8F20D83AD675}"
	ProjectSection(ProjectDependencies) = postProject
		{DC861501-8500-3C44-B3A8-590159DFB449} = {DC861501-8500-3C44-B3A8-590159DFB449}
	EndProjectSection
EndProject
Global
	GlobalSection(SolutionConfigurationPlatforms) = preSolution
		Debug|Win32 = Debug|Win32
		Release|Win32 = Release|Win32
		MinSizeRel|Win32 = MinSizeRel|Win32
		RelWithDebInfo|Win32 = RelWithDebInfo|Win32
	EndGlobalSection
	GlobalSection(ProjectConfigurationPlatforms) = postSolution
		{2C0BCFD7-4E3B-31C6-8917-63C1F43209CF}.Debug|Win32.ActiveCfg = Debug|Win32
		{2C0BCFD7-4E3B-31C6-8917-63C1F43209CF}.Debug|Win32.Build.0 = Debug|Win32
		{2C0BCFD7-4E3B-31C6-8917-63C1F43209CF}.Release|Win32.ActiveCfg = Release|Win32
		{2C0BCFD7-4E3B-31C6-8917-63C1F43209CF}.Release|Win32.Build.0 = Release|Win32
		{2C0BCFD7-4E3B-31C6-8917-63C1F43209CF}.MinSizeRel|Win32.ActiveCfg = MinSizeRel|Win32
		{2C0BCFD7-4E3B-31C6-8917-63C1F43209CF}.MinSizeRel|Win32.Build.0 = MinSizeRel|Win32
		{2C0BCFD7-4E3B-31C6-8917-63C1F43209CF}.RelWithDebInfo|Win32.ActiveCfg = RelWithDebInfo|Win32
		{2C0BCFD7-4E3B-31C6-8917-63C1F43209CF}.RelWithDebInfo|Win32.Build.0 = RelWithDebInfo|Win32
		{557EBDE2-0A74-3685-9C1E-5108604EC79C}.Debug|Win32.ActiveCfg = Debug|Win32
		{557EBDE2-0A74-3685-9C1E-5108604EC79C}.Release|Win32.ActiveCfg = Release|Win32
		{557EBDE2-0A74-3685-9C1E-5108604EC79C}.MinSizeRel|Win32.ActiveCfg = MinSizeRel|Win32
		{557EBDE2-0A74-3685-9C1E-5108604EC79C}.RelWithDebInfo|Win32.ActiveCfg = RelWithDebInfo|Win32
		{A71A89BF-6DF4-3085-9C6D-6538BE962F69}.Debug|Win32.ActiveCfg = Debug|Win32
		{A71A89BF-6DF4-3085-9C6D-6538BE962F69}.Debug|Win32.Build.0 = Debug|Win32
		{A71A89BF-6DF4-3085-9C6D-6538BE962F69}.Release|Win32.ActiveCfg = Release|Win32
		{A71A89BF-6DF4-3085-9C6D-6538BE962F69}.Release|Win32.Build.0 = Release|Win32
		{A71A89BF-6DF4-3085-9C6D-6538BE962F69}.MinSizeRel|Win32.ActiveCfg = MinSizeRel|Win32
		{A71A89BF-6DF4-3085-9C6D-6538BE962F69}.MinSizeRel|Win32.Build.0 = MinSizeRel|Win32
		{A71A89BF-6DF4-3085-9C6D-6538BE962F69}.RelWithDebInfo|Win32.ActiveCfg = RelWithDebInfo|Win32
		{A71A89BF-6DF4-3085-9C6D-6538BE962F69}.RelWithDebInfo|Win32.Build.0 = RelWithDebInfo|Win32
		{CD40A14B-88FB-39A8-B70D-5D44599555D2}.Debug|Win32.ActiveCfg = Debug|Win32
		{CD40A14B-88FB-39A8-B70D-5D44599555D2}.Release|Win32.ActiveCfg = Release|Win32
		{CD40A14B-88FB-39A8-B70D-5D44599555D2}.MinSizeRel|Win32.ActiveCfg = MinSizeRel|Win32
		{CD40A14B-88FB-39A8-B70D-5D44599555D2}.RelWithDebInfo|Win32.ActiveCfg = RelWithDebInfo|Win32
		{DC861501-8500-3C44-B3A8-590159DFB449}.Debug|Win32.ActiveCfg = Debug|Win32
		{DC861501-8500-3C44-B3A8-590159DFB449}.Debug|Win32.Build.0 = Debug|Win32
		{DC861501-8500-3C44-B3A8-590159DFB449}.Release|Win32.ActiveCfg = Release|Win32
		{DC861501-8500-3C44-B3A8-590159DFB449}.Release|Win32.Build.0 = Release|Win32
		{DC861501-8500-3C44-B3A8-590159DFB449}.MinSizeRel|Win32.ActiveCfg = MinSizeRel|Win32
		{DC861501-8500-3C44-B3A8-590159DFB449}.MinSizeRel|Win32.Build.0 = MinSizeRel|Win32
		{DC861501-8500-3C44-B3A8-590159DFB449}.RelWithDebInfo|Win32.ActiveCfg = RelWithDebInfo|Win32
		{DC861501-8500-3C44-B3A8-590159DFB449}.RelWithDebInfo|Win32.Build.0 = RelWithDebInfo|Win32
		{7858082B-A9DB-359F-8ADD-38BD430717BC}.Debug|Win32.ActiveCfg = Debug|Win32
		{7858082B-A9DB-359F-8ADD-38BD430717BC}.Debug|Win32.Build.0 = Debug|Win32
		{7858082B-A9DB-359F-8ADD-38BD430717BC}.Release|Win32.ActiveCfg = Release|Win32
		{7858082B-A9DB-359F-8ADD-38BD430717BC}.Release|Win32.Build.0 = Release|Win32
		{7858082B-A9DB-359F-8ADD-38BD430717BC}.MinSizeRel|Win32.ActiveCfg = MinSizeRel|Win32
		{7858082B-A9DB-359F-8ADD-38BD430717BC}.MinSizeRel|Win32.Build.0 = MinSizeRel|Win32
		{7858082B-A9DB-359F-8ADD-38BD430717BC}.RelWithDebInfo|Win32.ActiveCfg = RelWithDebInfo|Win32
		{7858082B-A9DB-359F-8ADD-38BD430717BC}.RelWithDebInfo|Win32.Build.0 = RelWithDebInfo|Win32
		{6BD2BFF5-240C-39A8-AF7C-8F20D83AD675}.Debug|Win32.ActiveCfg = Debug|Win32
		{6BD2BFF5-240C-39A8-AF7C-8F20D83AD675}.Debug|Win32.Build.0 = Debug|Win32
		{6BD2BFF5-240C-39A8-AF7C-8F20D83AD675}.Release|Win32.ActiveCfg = Release|Win32
		{6BD2BFF5-240C-39A8-AF7C-8F20D83AD675}.Release|Win32.Build.0 = Release|Win32
		{6BD2BFF5-240C-39A8-AF7C-8F20D83AD675}.MinSizeRel|Win32.ActiveCfg = MinSizeRel|Win32
		{6BD2BFF5-240C-39A8-AF7C-8F20D83AD675}.MinSizeRel|Win32.Build.0 = MinSizeRel|Win32
		{6BD2BFF5-240C-39A8-AF7C-8F20D83AD675}.RelWithDebInfo|Win32.ActiveCfg = RelWithDebInfo|Win32
		{6BD2BFF5-240C-39A8-AF7C-8F20D83AD675}.RelWithDebInfo|Win32.Build.0 = RelWithDebInfo|Win32
	EndGlobalSection
	GlobalSection(ExtensibilityGlobals) = postSolution
		SolutionGuid = {23394FFC-8F69-3F19-9F98-5572882F4A50}
	EndGlobalSection
	GlobalSection(ExtensibilityAddIns) = postSolution
	EndGlobalSection
EndGlobal
