<?xml version="1.0" encoding="utf-8"?>
<Project ToolsVersion="17.0" xmlns="http://schemas.microsoft.com/developer/msbuild/2003">
  <ItemGroup>
    <ClCompile Include="I:\PIME\jsoncpp\src\lib_json\json_reader.cpp">
      <Filter>Source Files</Filter>
    </ClCompile>
    <ClCompile Include="I:\PIME\jsoncpp\src\lib_json\json_value.cpp">
      <Filter>Source Files</Filter>
    </ClCompile>
    <ClCompile Include="I:\PIME\jsoncpp\src\lib_json\json_writer.cpp">
      <Filter>Source Files</Filter>
    </ClCompile>
  </ItemGroup>
  <ItemGroup>
    <ClInclude Include="I:\PIME\jsoncpp\include\json\config.h">
      <Filter>Public API</Filter>
    </ClInclude>
    <ClInclude Include="I:\PIME\jsoncpp\include\json\forwards.h">
      <Filter>Public API</Filter>
    </ClInclude>
    <ClInclude Include="I:\PIME\jsoncpp\include\json\features.h">
      <Filter>Public API</Filter>
    </ClInclude>
    <ClInclude Include="I:\PIME\jsoncpp\include\json\value.h">
      <Filter>Public API</Filter>
    </ClInclude>
    <ClInclude Include="I:\PIME\jsoncpp\include\json\reader.h">
      <Filter>Public API</Filter>
    </ClInclude>
    <ClInclude Include="I:\PIME\jsoncpp\include\json\writer.h">
      <Filter>Public API</Filter>
    </ClInclude>
    <ClInclude Include="I:\PIME\jsoncpp\include\json\assertions.h">
      <Filter>Public API</Filter>
    </ClInclude>
    <ClInclude Include="I:\PIME\jsoncpp\include\json\version.h">
      <Filter>Public API</Filter>
    </ClInclude>
    <ClInclude Include="I:\PIME\jsoncpp\src\lib_json\json_tool.h">
      <Filter>Header Files</Filter>
    </ClInclude>
    <ClInclude Include="I:\PIME\jsoncpp\src\lib_json\json_valueiterator.inl">
      <Filter>Header Files</Filter>
    </ClInclude>
    <ClInclude Include="I:\PIME\jsoncpp\src\lib_json\version.h.in">
      <Filter>Header Files</Filter>
    </ClInclude>
  </ItemGroup>
  <ItemGroup>
    <CustomBuild Include="I:\PIME\jsoncpp\src\lib_json\CMakeLists.txt" />
  </ItemGroup>
  <ItemGroup>
    <Filter Include="Header Files">
      <UniqueIdentifier>{16BBD32C-563D-3129-AFC2-F08B84064427}</UniqueIdentifier>
    </Filter>
    <Filter Include="Public API">
      <UniqueIdentifier>{8E11091D-A6F3-31A3-9EA0-38A67988ED30}</UniqueIdentifier>
    </Filter>
    <Filter Include="Source Files">
      <UniqueIdentifier>{4747B88C-F274-372D-B7DC-2A484AB46D54}</UniqueIdentifier>
    </Filter>
  </ItemGroup>
</Project>
