<?xml version="1.0" encoding="utf-8"?>
<Project ToolsVersion="17.0" xmlns="http://schemas.microsoft.com/developer/msbuild/2003">
  <ItemGroup>
    <ClCompile Include="I:\PIME\libIME2\src\ImeModule.cpp">
      <Filter>Source Files</Filter>
    </ClCompile>
    <ClCompile Include="I:\PIME\libIME2\src\libIME.cpp">
      <Filter>Source Files</Filter>
    </ClCompile>
    <ClCompile Include="I:\PIME\libIME2\src\TextService.cpp">
      <Filter>Source Files</Filter>
    </ClCompile>
    <ClCompile Include="I:\PIME\libIME2\src\KeyEvent.cpp">
      <Filter>Source Files</Filter>
    </ClCompile>
    <ClCompile Include="I:\PIME\libIME2\src\EditSession.cpp">
      <Filter>Source Files</Filter>
    </ClCompile>
    <ClCompile Include="I:\PIME\libIME2\src\DisplayAttributeInfo.cpp">
      <Filter>Source Files</Filter>
    </ClCompile>
    <ClCompile Include="I:\PIME\libIME2\src\DisplayAttributeInfoEnum.cpp">
      <Filter>Source Files</Filter>
    </ClCompile>
    <ClCompile Include="I:\PIME\libIME2\src\DisplayAttributeProvider.cpp">
      <Filter>Source Files</Filter>
    </ClCompile>
    <ClCompile Include="I:\PIME\libIME2\src\LangBarButton.cpp">
      <Filter>Source Files</Filter>
    </ClCompile>
    <ClCompile Include="I:\PIME\libIME2\src\Utils.cpp">
      <Filter>Source Files</Filter>
    </ClCompile>
    <ClCompile Include="I:\PIME\libIME2\src\DrawUtils.cpp">
      <Filter>Source Files</Filter>
    </ClCompile>
    <ClCompile Include="I:\PIME\libIME2\src\Window.cpp">
      <Filter>Source Files</Filter>
    </ClCompile>
    <ClCompile Include="I:\PIME\libIME2\src\ImeWindow.cpp">
      <Filter>Source Files</Filter>
    </ClCompile>
    <ClCompile Include="I:\PIME\libIME2\src\MessageWindow.cpp">
      <Filter>Source Files</Filter>
    </ClCompile>
    <ClCompile Include="I:\PIME\libIME2\src\CandidateWindow.cpp">
      <Filter>Source Files</Filter>
    </ClCompile>
  </ItemGroup>
  <ItemGroup>
    <ClInclude Include="I:\PIME\libIME2\src\ImeModule.h">
      <Filter>Header Files</Filter>
    </ClInclude>
    <ClInclude Include="I:\PIME\libIME2\src\libIME.h">
      <Filter>Header Files</Filter>
    </ClInclude>
    <ClInclude Include="I:\PIME\libIME2\src\TextService.h">
      <Filter>Header Files</Filter>
    </ClInclude>
    <ClInclude Include="I:\PIME\libIME2\src\KeyEvent.h">
      <Filter>Header Files</Filter>
    </ClInclude>
    <ClInclude Include="I:\PIME\libIME2\src\EditSession.h">
      <Filter>Header Files</Filter>
    </ClInclude>
    <ClInclude Include="I:\PIME\libIME2\src\DisplayAttributeInfo.h">
      <Filter>Header Files</Filter>
    </ClInclude>
    <ClInclude Include="I:\PIME\libIME2\src\DisplayAttributeInfoEnum.h">
      <Filter>Header Files</Filter>
    </ClInclude>
    <ClInclude Include="I:\PIME\libIME2\src\DisplayAttributeProvider.h">
      <Filter>Header Files</Filter>
    </ClInclude>
    <ClInclude Include="I:\PIME\libIME2\src\LangBarButton.h">
      <Filter>Header Files</Filter>
    </ClInclude>
    <ClInclude Include="I:\PIME\libIME2\src\SinkAdvice.h">
      <Filter>Header Files</Filter>
    </ClInclude>
    <ClInclude Include="I:\PIME\libIME2\src\Utils.h">
      <Filter>Header Files</Filter>
    </ClInclude>
    <ClInclude Include="I:\PIME\libIME2\src\ComPtr.h">
      <Filter>Header Files</Filter>
    </ClInclude>
    <ClInclude Include="I:\PIME\libIME2\src\ComObject.h">
      <Filter>Header Files</Filter>
    </ClInclude>
    <ClInclude Include="I:\PIME\libIME2\src\DrawUtils.h">
      <Filter>Header Files</Filter>
    </ClInclude>
    <ClInclude Include="I:\PIME\libIME2\src\Window.h">
      <Filter>Header Files</Filter>
    </ClInclude>
    <ClInclude Include="I:\PIME\libIME2\src\ImeWindow.h">
      <Filter>Header Files</Filter>
    </ClInclude>
    <ClInclude Include="I:\PIME\libIME2\src\MessageWindow.h">
      <Filter>Header Files</Filter>
    </ClInclude>
    <ClInclude Include="I:\PIME\libIME2\src\CandidateWindow.h">
      <Filter>Header Files</Filter>
    </ClInclude>
  </ItemGroup>
  <ItemGroup>
    <CustomBuild Include="I:\PIME\libIME2\src\CMakeLists.txt" />
  </ItemGroup>
  <ItemGroup>
    <Filter Include="Header Files">
      <UniqueIdentifier>{3BE3CC45-5504-3CCD-84C6-27B09FB4B29D}</UniqueIdentifier>
    </Filter>
    <Filter Include="Source Files">
      <UniqueIdentifier>{C4BDB475-165C-373C-8F65-04852F0AC705}</UniqueIdentifier>
    </Filter>
  </ItemGroup>
</Project>
